
Microsoft Visual Studio Solution File, Format Version 12.00
# Visual Studio Version 17
VisualStudioVersion = 17.8.34408.163
MinimumVisualStudioVersion = 10.0.40219.1
Project("{FAE04EC0-301F-11D3-BF4B-00C04F79EFBC}") = "Tutorial 01 Q 6", "Tutorial 01 Q 6\Tutorial 01 Q 6.csproj", "{04A7FB28-33AB-4440-A143-C54429A8329A}"
EndProject
Global
	GlobalSection(SolutionConfigurationPlatforms) = preSolution
		Debug|Any CPU = Debug|Any CPU
		Release|Any CPU = Release|Any CPU
	EndGlobalSection
	GlobalSection(ProjectConfigurationPlatforms) = postSolution
		{04A7FB28-33AB-4440-A143-C54429A8329A}.Debug|Any CPU.ActiveCfg = Debug|Any CPU
		{04A7FB28-33AB-4440-A143-C54429A8329A}.Debug|Any CPU.Build.0 = Debug|Any CPU
		{04A7FB28-33AB-4440-A143-C54429A8329A}.Release|Any CPU.ActiveCfg = Release|Any CPU
		{04A7FB28-33AB-4440-A143-C54429A8329A}.Release|Any CPU.Build.0 = Release|Any CPU
	EndGlobalSection
	GlobalSection(SolutionProperties) = preSolution
		HideSolutionNode = FALSE
	EndGlobalSection
	GlobalSection(ExtensibilityGlobals) = postSolution
		SolutionGuid = {501AC7D6-7C82-4976-974D-CC167009697C}
	EndGlobalSection
EndGlobal
